hash: 998b92fcf153472b6506bddde98bf54788393402e2f85359d835f7ad600159ad
updated: 2019-04-15T11:13:56.6810869+08:00
imports:
- name: github.com/BurntSushi/toml
  version: 3012a1dbe2e4bd1391d42b32f0577cb7bbc7f005
- name: github.com/go-sql-driver/mysql
  version: 578c4c8066964679ef44f45de2b6c7e811cc665e
- name: github.com/google/uuid
  version: 0cd6bf5da1e1c83f8b45653022c74f71af0538a4
- name: github.com/gorilla/mux
  version: c5c6c98bc25355028a63748a498942a6398ccd22
- name: github.com/jinzhu/configor
  version: 4edaf76fe18865e36de734d887f4c01bd05707af
- name: github.com/jinzhu/gorm
  version: 7bc35615034c1d6994088c2cc925086fba6f565e
  subpackages:
  - dialects/mysql
- name: github.com/jinzhu/inflection
  version: 04140366298a54a039076d798123ffa108fff46c
- name: github.com/pborman/uuid
  version: 8b1b92947f46224e3b97bb1a3a5b0382be00d31e
- name: github.com/phyber/negroni-gzip
  version: ef6356a5d02936b65ca8e60b604ed6b078aac8d3
  subpackages:
  - gzip
- name: github.com/RichardKnop/go-fixtures
  version: 15577dcaa3727e7e0b15a6e24ba4f371fea9f762
- name: github.com/RichardKnop/logging
  version: b1d5d44c82d6c9fb6c8e8dad28412163586fd8ac
- name: github.com/urfave/cli
  version: cfb38830724cc34fedffe9a2a29fb54fa9169cd1
- name: github.com/urfave/negroni
  version: 0ce192d0bd24e9ec58b05bc72b3eac5bcc4f6517
- name: google.golang.org/appengine
  version: 54a98f90d1c46b7731eb8fb305d2a321c30ef610
  repo: https://github.com/golang/appengine
  vcs: git
  subpackages:
  - cloudsql
- name: gopkg.in/tylerb/graceful.v1
  version: 4654dfbb6ad53cb5e27f37d99b02e16c1872fbbb
- name: gopkg.in/yaml.v2
  version: 51d6538a90f86fe93ac480b35f37b2be17fef232
testImports: []
